
Microsoft Visual Studio Solution File, Format Version 12.00
# Visual Studio Version 17
VisualStudioVersion = 17.14.36310.24 d17.14
MinimumVisualStudioVersion = 10.0.40219.1
Project("{FAE04EC0-301F-11D3-BF4B-00C04F79EFBC}") = "RegistrationFormMVC", "RegistrationFormMVC\RegistrationFormMVC.csproj", "{2909BAF4-2A34-4F8F-883B-90456374534C}"
EndProject
Global
	GlobalSection(SolutionConfigurationPlatforms) = preSolution
		Debug|Any CPU = Debug|Any CPU
		Release|Any CPU = Release|Any CPU
	EndGlobalSection
	GlobalSection(ProjectConfigurationPlatforms) = postSolution
		{2909BAF4-2A34-4F8F-883B-90456374534C}.Debug|Any CPU.ActiveCfg = Debug|Any CPU
		{2909BAF4-2A34-4F8F-883B-90456374534C}.Debug|Any CPU.Build.0 = Debug|Any CPU
		{2909BAF4-2A34-4F8F-883B-90456374534C}.Release|Any CPU.ActiveCfg = Release|Any CPU
		{2909BAF4-2A34-4F8F-883B-90456374534C}.Release|Any CPU.Build.0 = Release|Any CPU
	EndGlobalSection
	GlobalSection(SolutionProperties) = preSolution
		HideSolutionNode = FALSE
	EndGlobalSection
	GlobalSection(ExtensibilityGlobals) = postSolution
		SolutionGuid = {192BC72A-D8DA-4283-A862-AF654BAA2835}
	EndGlobalSection
EndGlobal
