Microsoft Visual Studio Solution File, Format Version 12.00
# Visual Studio Version 17
VisualStudioVersion = 17.5.2.0
MinimumVisualStudioVersion = 10.0.40219.1
Project("{FAE04EC0-301F-11D3-BF4B-00C04F79EFBC}") = "repo_Pattern_EFCORE", "repo_Pattern_EFCORE.csproj", "{2F15A908-6671-1A08-2B43-93C636B45406}"
EndProject
Global
	GlobalSection(SolutionConfigurationPlatforms) = preSolution
		Debug|Any CPU = Debug|Any CPU
		Release|Any CPU = Release|Any CPU
	EndGlobalSection
	GlobalSection(ProjectConfigurationPlatforms) = postSolution
		{2F15A908-6671-1A08-2B43-93C636B45406}.Debug|Any CPU.ActiveCfg = Debug|Any CPU
		{2F15A908-6671-1A08-2B43-93C636B45406}.Debug|Any CPU.Build.0 = Debug|Any CPU
		{2F15A908-6671-1A08-2B43-93C636B45406}.Release|Any CPU.ActiveCfg = Release|Any CPU
		{2F15A908-6671-1A08-2B43-93C636B45406}.Release|Any CPU.Build.0 = Release|Any CPU
	EndGlobalSection
	GlobalSection(SolutionProperties) = preSolution
		HideSolutionNode = FALSE
	EndGlobalSection
	GlobalSection(ExtensibilityGlobals) = postSolution
		SolutionGuid = {9F51CF97-4D58-4BF8-A10C-EB7FE3079174}
	EndGlobalSection
EndGlobal
