Microsoft Visual Studio Solution File, Format Version 12.00
# Visual Studio Version 17
VisualStudioVersion = 17.5.2.0
MinimumVisualStudioVersion = 10.0.40219.1
Project("{2150E333-8FDC-42A3-9474-1A3956D46DE8}") = "ProfileBook.Api", "ProfileBook.Api", "{8C6FB2A9-B17B-C9C2-EA4C-6104F5666878}"
EndProject
Project("{FAE04EC0-301F-11D3-BF4B-00C04F79EFBC}") = "ProfileBook.Api", "ProfileBook.Api\ProfileBook.Api\ProfileBook.Api.csproj", "{ABB6E919-F221-8B1F-3C01-0D9BE20DD070}"
EndProject
Global
	GlobalSection(SolutionConfigurationPlatforms) = preSolution
		Debug|Any CPU = Debug|Any CPU
		Release|Any CPU = Release|Any CPU
	EndGlobalSection
	GlobalSection(ProjectConfigurationPlatforms) = postSolution
		{ABB6E919-F221-8B1F-3C01-0D9BE20DD070}.Debug|Any CPU.ActiveCfg = Debug|Any CPU
		{ABB6E919-F221-8B1F-3C01-0D9BE20DD070}.Debug|Any CPU.Build.0 = Debug|Any CPU
		{ABB6E919-F221-8B1F-3C01-0D9BE20DD070}.Release|Any CPU.ActiveCfg = Release|Any CPU
		{ABB6E919-F221-8B1F-3C01-0D9BE20DD070}.Release|Any CPU.Build.0 = Release|Any CPU
	EndGlobalSection
	GlobalSection(SolutionProperties) = preSolution
		HideSolutionNode = FALSE
	EndGlobalSection
	GlobalSection(NestedProjects) = preSolution
		{ABB6E919-F221-8B1F-3C01-0D9BE20DD070} = {8C6FB2A9-B17B-C9C2-EA4C-6104F5666878}
	EndGlobalSection
	GlobalSection(ExtensibilityGlobals) = postSolution
		SolutionGuid = {24EEE63C-CC5D-4E5A-AF44-18361CB9FCDB}
	EndGlobalSection
EndGlobal
