
Microsoft Visual Studio Solution File, Format Version 12.00
# Visual Studio Version 17
VisualStudioVersion = 17.14.36310.24 d17.14
MinimumVisualStudioVersion = 10.0.40219.1
Project("{FAE04EC0-301F-11D3-BF4B-00C04F79EFBC}") = "WebApplication2", "WebApplication2\WebApplication2.csproj", "{FD4CAC52-F713-4432-8C1C-8BF1980C4670}"
EndProject
Global
	GlobalSection(SolutionConfigurationPlatforms) = preSolution
		Debug|Any CPU = Debug|Any CPU
		Release|Any CPU = Release|Any CPU
	EndGlobalSection
	GlobalSection(ProjectConfigurationPlatforms) = postSolution
		{FD4CAC52-F713-4432-8C1C-8BF1980C4670}.Debug|Any CPU.ActiveCfg = Debug|Any CPU
		{FD4CAC52-F713-4432-8C1C-8BF1980C4670}.Debug|Any CPU.Build.0 = Debug|Any CPU
		{FD4CAC52-F713-4432-8C1C-8BF1980C4670}.Release|Any CPU.ActiveCfg = Release|Any CPU
		{FD4CAC52-F713-4432-8C1C-8BF1980C4670}.Release|Any CPU.Build.0 = Release|Any CPU
	EndGlobalSection
	GlobalSection(SolutionProperties) = preSolution
		HideSolutionNode = FALSE
	EndGlobalSection
	GlobalSection(ExtensibilityGlobals) = postSolution
		SolutionGuid = {C5D755C3-5233-4998-B08F-222B9895F140}
	EndGlobalSection
EndGlobal
