Microsoft Visual Studio Solution File, Format Version 12.00
# Visual Studio Version 17
VisualStudioVersion = 17.5.2.0
MinimumVisualStudioVersion = 10.0.40219.1
Project("{FAE04EC0-301F-11D3-BF4B-00C04F79EFBC}") = "ContactManager", "ContactManager\ContactManager.csproj", "{831954E2-0B5F-CDF3-C422-3F4B4B5C406A}"
EndProject
Global
	GlobalSection(SolutionConfigurationPlatforms) = preSolution
		Debug|Any CPU = Debug|Any CPU
		Release|Any CPU = Release|Any CPU
	EndGlobalSection
	GlobalSection(ProjectConfigurationPlatforms) = postSolution
		{831954E2-0B5F-CDF3-C422-3F4B4B5C406A}.Debug|Any CPU.ActiveCfg = Debug|Any CPU
		{831954E2-0B5F-CDF3-C422-3F4B4B5C406A}.Debug|Any CPU.Build.0 = Debug|Any CPU
		{831954E2-0B5F-CDF3-C422-3F4B4B5C406A}.Release|Any CPU.ActiveCfg = Release|Any CPU
		{831954E2-0B5F-CDF3-C422-3F4B4B5C406A}.Release|Any CPU.Build.0 = Release|Any CPU
	EndGlobalSection
	GlobalSection(SolutionProperties) = preSolution
		HideSolutionNode = FALSE
	EndGlobalSection
	GlobalSection(ExtensibilityGlobals) = postSolution
		SolutionGuid = {5209FC94-2A77-4A78-931F-6236E677E3E1}
	EndGlobalSection
EndGlobal
